
Microsoft Visual Studio Solution File, Format Version 12.00
# Visual Studio Version 17
VisualStudioVersion = 17.14.36915.13 d17.14
MinimumVisualStudioVersion = 10.0.40219.1
Project("{FAE04EC0-301F-11D3-BF4B-00C04F79EFBC}") = "assigment 5", "assigment 5\assigment 5.csproj", "{82B0F65B-0AD7-4652-9BC5-6879A88FEAD9}"
EndProject
Global
	GlobalSection(SolutionConfigurationPlatforms) = preSolution
		Debug|Any CPU = Debug|Any CPU
		Release|Any CPU = Release|Any CPU
	EndGlobalSection
	GlobalSection(ProjectConfigurationPlatforms) = postSolution
		{82B0F65B-0AD7-4652-9BC5-6879A88FEAD9}.Debug|Any CPU.ActiveCfg = Debug|Any CPU
		{82B0F65B-0AD7-4652-9BC5-6879A88FEAD9}.Debug|Any CPU.Build.0 = Debug|Any CPU
		{82B0F65B-0AD7-4652-9BC5-6879A88FEAD9}.Release|Any CPU.ActiveCfg = Release|Any CPU
		{82B0F65B-0AD7-4652-9BC5-6879A88FEAD9}.Release|Any CPU.Build.0 = Release|Any CPU
	EndGlobalSection
	GlobalSection(SolutionProperties) = preSolution
		HideSolutionNode = FALSE
	EndGlobalSection
	GlobalSection(ExtensibilityGlobals) = postSolution
		SolutionGuid = {4B60B64B-0A97-4077-82DA-16867F95C4F7}
	EndGlobalSection
EndGlobal
